
Microsoft Visual Studio Solution File, Format Version 12.00
# Visual Studio 15
VisualStudioVersion = 15.0.27703.2000
MinimumVisualStudioVersion = 10.0.40219.1
Project("{8BC9CEB8-8B4A-11D0-8D11-00A0C91BC942}") = "latin matrix question", "latin matrix question\latin matrix question.vcxproj", "{D8A15D99-9E72-4D2E-9084-A9A4BAA63F1B}"
EndProject
Global
	GlobalSection(SolutionConfigurationPlatforms) = preSolution
		Debug|x64 = Debug|x64
		Debug|x86 = Debug|x86
		Release|x64 = Release|x64
		Release|x86 = Release|x86
	EndGlobalSection
	GlobalSection(ProjectConfigurationPlatforms) = postSolution
		{D8A15D99-9E72-4D2E-9084-A9A4BAA63F1B}.Debug|x64.ActiveCfg = Debug|x64
		{D8A15D99-9E72-4D2E-9084-A9A4BAA63F1B}.Debug|x64.Build.0 = Debug|x64
		{D8A15D99-9E72-4D2E-9084-A9A4BAA63F1B}.Debug|x86.ActiveCfg = Debug|Win32
		{D8A15D99-9E72-4D2E-9084-A9A4BAA63F1B}.Debug|x86.Build.0 = Debug|Win32
		{D8A15D99-9E72-4D2E-9084-A9A4BAA63F1B}.Release|x64.ActiveCfg = Release|x64
		{D8A15D99-9E72-4D2E-9084-A9A4BAA63F1B}.Release|x64.Build.0 = Release|x64
		{D8A15D99-9E72-4D2E-9084-A9A4BAA63F1B}.Release|x86.ActiveCfg = Release|Win32
		{D8A15D99-9E72-4D2E-9084-A9A4BAA63F1B}.Release|x86.Build.0 = Release|Win32
	EndGlobalSection
	GlobalSection(SolutionProperties) = preSolution
		HideSolutionNode = FALSE
	EndGlobalSection
	GlobalSection(ExtensibilityGlobals) = postSolution
		SolutionGuid = {7DB29E93-4D16-4309-9174-454FCC8F9879}
	EndGlobalSection
EndGlobal
